
Microsoft Visual Studio Solution File, Format Version 12.00
# Visual Studio Version 17
VisualStudioVersion = 17.0.31903.59
MinimumVisualStudioVersion = 10.0.40219.1
Project("{FAE04EC0-301F-11D3-BF4B-00C04F79EFBC}") = "Simplilearn C Sharp Project", "Simplilearn C Sharp Project\Simplilearn C Sharp Project.csproj", "{93BD166F-D76A-47EC-9F56-B60CCC527ADB}"
EndProject
Global
	GlobalSection(SolutionConfigurationPlatforms) = preSolution
		Debug|Any CPU = Debug|Any CPU
		Release|Any CPU = Release|Any CPU
	EndGlobalSection
	GlobalSection(ProjectConfigurationPlatforms) = postSolution
		{93BD166F-D76A-47EC-9F56-B60CCC527ADB}.Debug|Any CPU.ActiveCfg = Debug|Any CPU
		{93BD166F-D76A-47EC-9F56-B60CCC527ADB}.Debug|Any CPU.Build.0 = Debug|Any CPU
		{93BD166F-D76A-47EC-9F56-B60CCC527ADB}.Release|Any CPU.ActiveCfg = Release|Any CPU
		{93BD166F-D76A-47EC-9F56-B60CCC527ADB}.Release|Any CPU.Build.0 = Release|Any CPU
	EndGlobalSection
	GlobalSection(SolutionProperties) = preSolution
		HideSolutionNode = FALSE
	EndGlobalSection
	GlobalSection(ExtensibilityGlobals) = postSolution
		SolutionGuid = {269A01FC-A3FB-4063-BD83-FE73CAF1D6F5}
	EndGlobalSection
EndGlobal
